
Microsoft Visual Studio Solution File, Format Version 12.00
# Visual Studio Version 16
VisualStudioVersion = 16.0.31112.23
MinimumVisualStudioVersion = 10.0.40219.1
Project("{8BC9CEB8-8B4A-11D0-8D11-00A0C91BC942}") = "ConsoleApplicationss", "ConsoleApplicationss\ConsoleApplicationss.vcxproj", "{22E3587D-6830-4031-AE8F-F6A7BFD220DE}"
EndProject
Project("{8BC9CEB8-8B4A-11D0-8D11-00A0C91BC942}") = "RPG", "RPG\RPG.vcxproj", "{0B31251E-6F35-4E7F-BED4-22BBD1F15452}"
EndProject
Project("{8BC9CEB8-8B4A-11D0-8D11-00A0C91BC942}") = "Numbers 1-10", "Numbers 1-10\Numbers 1-10.vcxproj", "{39CC4128-FC9A-43F0-8C4E-19B84C22D193}"
EndProject
Project("{8BC9CEB8-8B4A-11D0-8D11-00A0C91BC942}") = "Variables and Constants", "Variables and Constants\Variables and Constants.vcxproj", "{26DD5ACB-531B-4C45-9A87-29618280F56D}"
EndProject
Project("{8BC9CEB8-8B4A-11D0-8D11-00A0C91BC942}") = "Division", "Division\Division.vcxproj", "{B4514297-3EBA-46C7-8966-BA2831025722}"
EndProject
Project("{8BC9CEB8-8B4A-11D0-8D11-00A0C91BC942}") = "dice and other random numbers", "dice and other random numbers\dice and other random numbers.vcxproj", "{9040448A-A1FC-45FB-8D39-061A4DDABFCE}"
EndProject
Project("{8BC9CEB8-8B4A-11D0-8D11-00A0C91BC942}") = "Pair programming", "Pair programming\Pair programming.vcxproj", "{937597B7-35E5-45E8-B557-A81FEFFE10CF}"
EndProject
Project("{8BC9CEB8-8B4A-11D0-8D11-00A0C91BC942}") = "Global Variables Testing", "Global Variables Testing\Global Variables Testing.vcxproj", "{ED2F0529-0B5F-4488-BEF5-46D86FA9333B}"
EndProject
Project("{8BC9CEB8-8B4A-11D0-8D11-00A0C91BC942}") = "Getters and Setters Testing", "Getters and Setters Testing\Getters and Setters Testing.vcxproj", "{1F769CD2-8925-4633-91C0-DDFF24282567}"
EndProject
Project("{8BC9CEB8-8B4A-11D0-8D11-00A0C91BC942}") = "RPG Introction", "RPG Introction\RPG Introction.vcxproj", "{3E596C05-B166-4C2D-81AB-3F552E9E08A9}"
EndProject
Project("{8BC9CEB8-8B4A-11D0-8D11-00A0C91BC942}") = "Playground", "Playground\Playground.vcxproj", "{843366B6-8B7C-479C-9DC0-12D518A29ECB}"
EndProject
Project("{8BC9CEB8-8B4A-11D0-8D11-00A0C91BC942}") = "Common Commands", "Common Commands\Common Commands.vcxproj", "{249F7093-9221-4A92-8170-5EBE8E5EDE05}"
EndProject
Project("{8BC9CEB8-8B4A-11D0-8D11-00A0C91BC942}") = "Switch Testing", "Switch Testing\Switch Testing.vcxproj", "{4BD7E1F3-87EA-4FF7-A7CB-A5BE93675E7F}"
EndProject
Project("{8BC9CEB8-8B4A-11D0-8D11-00A0C91BC942}") = "Multithreading", "Multithreading\Multithreading.vcxproj", "{F7A7A623-E08C-47A1-87E1-2F7205033CBB}"
EndProject
Project("{8BC9CEB8-8B4A-11D0-8D11-00A0C91BC942}") = "Science Quiz", "Science Quiz\Science Quiz.vcxproj", "{32FF04A2-AC57-4032-8514-3A159D02D0BF}"
EndProject
Project("{8BC9CEB8-8B4A-11D0-8D11-00A0C91BC942}") = "Bus Charter", "Bus Charter\Bus Charter.vcxproj", "{424678AD-520F-4010-93A0-B349784E300E}"
EndProject
Project("{8BC9CEB8-8B4A-11D0-8D11-00A0C91BC942}") = "Averages", "Averages\Averages.vcxproj", "{46518C76-BE9C-495D-8260-966C573DBC1D}"
EndProject
Project("{8BC9CEB8-8B4A-11D0-8D11-00A0C91BC942}") = "RPG w multithreading", "RPG w multithreading\RPG w multithreading.vcxproj", "{AEF5E266-4E06-47E2-AA74-37B444C60B79}"
EndProject
Project("{8BC9CEB8-8B4A-11D0-8D11-00A0C91BC942}") = "Computer Programming Quiz", "Computer Programming Quiz\Computer Programming Quiz.vcxproj", "{755A0204-1102-484E-A5F9-4EC1FF8EF9ED}"
EndProject
Project("{8BC9CEB8-8B4A-11D0-8D11-00A0C91BC942}") = "Choose your own adventure", "Choose your own adventure\Choose your own adventure.vcxproj", "{ADDE2552-444C-4C23-B5BD-ED1153174F77}"
EndProject
Project("{8BC9CEB8-8B4A-11D0-8D11-00A0C91BC942}") = "Roman Numerals", "Roman Numerals\Roman Numerals.vcxproj", "{A2D992F1-43F7-4BA7-94DD-B2E2B857C643}"
EndProject
Project("{8BC9CEB8-8B4A-11D0-8D11-00A0C91BC942}") = "Non-looping Maze", "Non-looping Maze\Non-looping Maze.vcxproj", "{791F43C7-6B1D-41F6-B1F2-78E86CD94760}"
EndProject
Project("{8BC9CEB8-8B4A-11D0-8D11-00A0C91BC942}") = "ASCII Art", "ASCII Art\ASCII Art.vcxproj", "{A3E7F112-BFB4-47EE-9B3D-775CC2DA757F}"
EndProject
Global
	GlobalSection(SolutionConfigurationPlatforms) = preSolution
		Debug|x64 = Debug|x64
		Debug|x86 = Debug|x86
		Release|x64 = Release|x64
		Release|x86 = Release|x86
	EndGlobalSection
	GlobalSection(ProjectConfigurationPlatforms) = postSolution
		{22E3587D-6830-4031-AE8F-F6A7BFD220DE}.Debug|x64.ActiveCfg = Debug|x64
		{22E3587D-6830-4031-AE8F-F6A7BFD220DE}.Debug|x64.Build.0 = Debug|x64
		{22E3587D-6830-4031-AE8F-F6A7BFD220DE}.Debug|x86.ActiveCfg = Debug|Win32
		{22E3587D-6830-4031-AE8F-F6A7BFD220DE}.Debug|x86.Build.0 = Debug|Win32
		{22E3587D-6830-4031-AE8F-F6A7BFD220DE}.Release|x64.ActiveCfg = Release|x64
		{22E3587D-6830-4031-AE8F-F6A7BFD220DE}.Release|x64.Build.0 = Release|x64
		{22E3587D-6830-4031-AE8F-F6A7BFD220DE}.Release|x86.ActiveCfg = Release|Win32
		{22E3587D-6830-4031-AE8F-F6A7BFD220DE}.Release|x86.Build.0 = Release|Win32
		{0B31251E-6F35-4E7F-BED4-22BBD1F15452}.Debug|x64.ActiveCfg = Debug|x64
		{0B31251E-6F35-4E7F-BED4-22BBD1F15452}.Debug|x64.Build.0 = Debug|x64
		{0B31251E-6F35-4E7F-BED4-22BBD1F15452}.Debug|x86.ActiveCfg = Debug|Win32
		{0B31251E-6F35-4E7F-BED4-22BBD1F15452}.Debug|x86.Build.0 = Debug|Win32
		{0B31251E-6F35-4E7F-BED4-22BBD1F15452}.Release|x64.ActiveCfg = Release|x64
		{0B31251E-6F35-4E7F-BED4-22BBD1F15452}.Release|x64.Build.0 = Release|x64
		{0B31251E-6F35-4E7F-BED4-22BBD1F15452}.Release|x86.ActiveCfg = Release|Win32
		{0B31251E-6F35-4E7F-BED4-22BBD1F15452}.Release|x86.Build.0 = Release|Win32
		{39CC4128-FC9A-43F0-8C4E-19B84C22D193}.Debug|x64.ActiveCfg = Debug|x64
		{39CC4128-FC9A-43F0-8C4E-19B84C22D193}.Debug|x64.Build.0 = Debug|x64
		{39CC4128-FC9A-43F0-8C4E-19B84C22D193}.Debug|x86.ActiveCfg = Debug|Win32
		{39CC4128-FC9A-43F0-8C4E-19B84C22D193}.Debug|x86.Build.0 = Debug|Win32
		{39CC4128-FC9A-43F0-8C4E-19B84C22D193}.Release|x64.ActiveCfg = Release|x64
		{39CC4128-FC9A-43F0-8C4E-19B84C22D193}.Release|x64.Build.0 = Release|x64
		{39CC4128-FC9A-43F0-8C4E-19B84C22D193}.Release|x86.ActiveCfg = Release|Win32
		{39CC4128-FC9A-43F0-8C4E-19B84C22D193}.Release|x86.Build.0 = Release|Win32
		{26DD5ACB-531B-4C45-9A87-29618280F56D}.Debug|x64.ActiveCfg = Debug|x64
		{26DD5ACB-531B-4C45-9A87-29618280F56D}.Debug|x64.Build.0 = Debug|x64
		{26DD5ACB-531B-4C45-9A87-29618280F56D}.Debug|x86.ActiveCfg = Debug|Win32
		{26DD5ACB-531B-4C45-9A87-29618280F56D}.Debug|x86.Build.0 = Debug|Win32
		{26DD5ACB-531B-4C45-9A87-29618280F56D}.Release|x64.ActiveCfg = Release|x64
		{26DD5ACB-531B-4C45-9A87-29618280F56D}.Release|x64.Build.0 = Release|x64
		{26DD5ACB-531B-4C45-9A87-29618280F56D}.Release|x86.ActiveCfg = Release|Win32
		{26DD5ACB-531B-4C45-9A87-29618280F56D}.Release|x86.Build.0 = Release|Win32
		{B4514297-3EBA-46C7-8966-BA2831025722}.Debug|x64.ActiveCfg = Debug|x64
		{B4514297-3EBA-46C7-8966-BA2831025722}.Debug|x64.Build.0 = Debug|x64
		{B4514297-3EBA-46C7-8966-BA2831025722}.Debug|x86.ActiveCfg = Debug|Win32
		{B4514297-3EBA-46C7-8966-BA2831025722}.Debug|x86.Build.0 = Debug|Win32
		{B4514297-3EBA-46C7-8966-BA2831025722}.Release|x64.ActiveCfg = Release|x64
		{B4514297-3EBA-46C7-8966-BA2831025722}.Release|x64.Build.0 = Release|x64
		{B4514297-3EBA-46C7-8966-BA2831025722}.Release|x86.ActiveCfg = Release|Win32
		{B4514297-3EBA-46C7-8966-BA2831025722}.Release|x86.Build.0 = Release|Win32
		{9040448A-A1FC-45FB-8D39-061A4DDABFCE}.Debug|x64.ActiveCfg = Debug|x64
		{9040448A-A1FC-45FB-8D39-061A4DDABFCE}.Debug|x64.Build.0 = Debug|x64
		{9040448A-A1FC-45FB-8D39-061A4DDABFCE}.Debug|x86.ActiveCfg = Debug|Win32
		{9040448A-A1FC-45FB-8D39-061A4DDABFCE}.Debug|x86.Build.0 = Debug|Win32
		{9040448A-A1FC-45FB-8D39-061A4DDABFCE}.Release|x64.ActiveCfg = Release|x64
		{9040448A-A1FC-45FB-8D39-061A4DDABFCE}.Release|x64.Build.0 = Release|x64
		{9040448A-A1FC-45FB-8D39-061A4DDABFCE}.Release|x86.ActiveCfg = Release|Win32
		{9040448A-A1FC-45FB-8D39-061A4DDABFCE}.Release|x86.Build.0 = Release|Win32
		{937597B7-35E5-45E8-B557-A81FEFFE10CF}.Debug|x64.ActiveCfg = Debug|x64
		{937597B7-35E5-45E8-B557-A81FEFFE10CF}.Debug|x64.Build.0 = Debug|x64
		{937597B7-35E5-45E8-B557-A81FEFFE10CF}.Debug|x86.ActiveCfg = Debug|Win32
		{937597B7-35E5-45E8-B557-A81FEFFE10CF}.Debug|x86.Build.0 = Debug|Win32
		{937597B7-35E5-45E8-B557-A81FEFFE10CF}.Release|x64.ActiveCfg = Release|x64
		{937597B7-35E5-45E8-B557-A81FEFFE10CF}.Release|x64.Build.0 = Release|x64
		{937597B7-35E5-45E8-B557-A81FEFFE10CF}.Release|x86.ActiveCfg = Release|Win32
		{937597B7-35E5-45E8-B557-A81FEFFE10CF}.Release|x86.Build.0 = Release|Win32
		{ED2F0529-0B5F-4488-BEF5-46D86FA9333B}.Debug|x64.ActiveCfg = Debug|x64
		{ED2F0529-0B5F-4488-BEF5-46D86FA9333B}.Debug|x64.Build.0 = Debug|x64
		{ED2F0529-0B5F-4488-BEF5-46D86FA9333B}.Debug|x86.ActiveCfg = Debug|Win32
		{ED2F0529-0B5F-4488-BEF5-46D86FA9333B}.Debug|x86.Build.0 = Debug|Win32
		{ED2F0529-0B5F-4488-BEF5-46D86FA9333B}.Release|x64.ActiveCfg = Release|x64
		{ED2F0529-0B5F-4488-BEF5-46D86FA9333B}.Release|x64.Build.0 = Release|x64
		{ED2F0529-0B5F-4488-BEF5-46D86FA9333B}.Release|x86.ActiveCfg = Release|Win32
		{ED2F0529-0B5F-4488-BEF5-46D86FA9333B}.Release|x86.Build.0 = Release|Win32
		{1F769CD2-8925-4633-91C0-DDFF24282567}.Debug|x64.ActiveCfg = Debug|x64
		{1F769CD2-8925-4633-91C0-DDFF24282567}.Debug|x64.Build.0 = Debug|x64
		{1F769CD2-8925-4633-91C0-DDFF24282567}.Debug|x86.ActiveCfg = Debug|Win32
		{1F769CD2-8925-4633-91C0-DDFF24282567}.Debug|x86.Build.0 = Debug|Win32
		{1F769CD2-8925-4633-91C0-DDFF24282567}.Release|x64.ActiveCfg = Release|x64
		{1F769CD2-8925-4633-91C0-DDFF24282567}.Release|x64.Build.0 = Release|x64
		{1F769CD2-8925-4633-91C0-DDFF24282567}.Release|x86.ActiveCfg = Release|Win32
		{1F769CD2-8925-4633-91C0-DDFF24282567}.Release|x86.Build.0 = Release|Win32
		{3E596C05-B166-4C2D-81AB-3F552E9E08A9}.Debug|x64.ActiveCfg = Debug|x64
		{3E596C05-B166-4C2D-81AB-3F552E9E08A9}.Debug|x64.Build.0 = Debug|x64
		{3E596C05-B166-4C2D-81AB-3F552E9E08A9}.Debug|x86.ActiveCfg = Debug|Win32
		{3E596C05-B166-4C2D-81AB-3F552E9E08A9}.Debug|x86.Build.0 = Debug|Win32
		{3E596C05-B166-4C2D-81AB-3F552E9E08A9}.Release|x64.ActiveCfg = Release|x64
		{3E596C05-B166-4C2D-81AB-3F552E9E08A9}.Release|x64.Build.0 = Release|x64
		{3E596C05-B166-4C2D-81AB-3F552E9E08A9}.Release|x86.ActiveCfg = Release|Win32
		{3E596C05-B166-4C2D-81AB-3F552E9E08A9}.Release|x86.Build.0 = Release|Win32
		{843366B6-8B7C-479C-9DC0-12D518A29ECB}.Debug|x64.ActiveCfg = Debug|x64
		{843366B6-8B7C-479C-9DC0-12D518A29ECB}.Debug|x64.Build.0 = Debug|x64
		{843366B6-8B7C-479C-9DC0-12D518A29ECB}.Debug|x86.ActiveCfg = Debug|Win32
		{843366B6-8B7C-479C-9DC0-12D518A29ECB}.Debug|x86.Build.0 = Debug|Win32
		{843366B6-8B7C-479C-9DC0-12D518A29ECB}.Release|x64.ActiveCfg = Release|x64
		{843366B6-8B7C-479C-9DC0-12D518A29ECB}.Release|x64.Build.0 = Release|x64
		{843366B6-8B7C-479C-9DC0-12D518A29ECB}.Release|x86.ActiveCfg = Release|Win32
		{843366B6-8B7C-479C-9DC0-12D518A29ECB}.Release|x86.Build.0 = Release|Win32
		{249F7093-9221-4A92-8170-5EBE8E5EDE05}.Debug|x64.ActiveCfg = Debug|x64
		{249F7093-9221-4A92-8170-5EBE8E5EDE05}.Debug|x64.Build.0 = Debug|x64
		{249F7093-9221-4A92-8170-5EBE8E5EDE05}.Debug|x86.ActiveCfg = Debug|Win32
		{249F7093-9221-4A92-8170-5EBE8E5EDE05}.Debug|x86.Build.0 = Debug|Win32
		{249F7093-9221-4A92-8170-5EBE8E5EDE05}.Release|x64.ActiveCfg = Release|x64
		{249F7093-9221-4A92-8170-5EBE8E5EDE05}.Release|x64.Build.0 = Release|x64
		{249F7093-9221-4A92-8170-5EBE8E5EDE05}.Release|x86.ActiveCfg = Release|Win32
		{249F7093-9221-4A92-8170-5EBE8E5EDE05}.Release|x86.Build.0 = Release|Win32
		{4BD7E1F3-87EA-4FF7-A7CB-A5BE93675E7F}.Debug|x64.ActiveCfg = Debug|x64
		{4BD7E1F3-87EA-4FF7-A7CB-A5BE93675E7F}.Debug|x64.Build.0 = Debug|x64
		{4BD7E1F3-87EA-4FF7-A7CB-A5BE93675E7F}.Debug|x86.ActiveCfg = Debug|Win32
		{4BD7E1F3-87EA-4FF7-A7CB-A5BE93675E7F}.Debug|x86.Build.0 = Debug|Win32
		{4BD7E1F3-87EA-4FF7-A7CB-A5BE93675E7F}.Release|x64.ActiveCfg = Release|x64
		{4BD7E1F3-87EA-4FF7-A7CB-A5BE93675E7F}.Release|x64.Build.0 = Release|x64
		{4BD7E1F3-87EA-4FF7-A7CB-A5BE93675E7F}.Release|x86.ActiveCfg = Release|Win32
		{4BD7E1F3-87EA-4FF7-A7CB-A5BE93675E7F}.Release|x86.Build.0 = Release|Win32
		{F7A7A623-E08C-47A1-87E1-2F7205033CBB}.Debug|x64.ActiveCfg = Debug|x64
		{F7A7A623-E08C-47A1-87E1-2F7205033CBB}.Debug|x64.Build.0 = Debug|x64
		{F7A7A623-E08C-47A1-87E1-2F7205033CBB}.Debug|x86.ActiveCfg = Debug|Win32
		{F7A7A623-E08C-47A1-87E1-2F7205033CBB}.Debug|x86.Build.0 = Debug|Win32
		{F7A7A623-E08C-47A1-87E1-2F7205033CBB}.Release|x64.ActiveCfg = Release|x64
		{F7A7A623-E08C-47A1-87E1-2F7205033CBB}.Release|x64.Build.0 = Release|x64
		{F7A7A623-E08C-47A1-87E1-2F7205033CBB}.Release|x86.ActiveCfg = Release|Win32
		{F7A7A623-E08C-47A1-87E1-2F7205033CBB}.Release|x86.Build.0 = Release|Win32
		{32FF04A2-AC57-4032-8514-3A159D02D0BF}.Debug|x64.ActiveCfg = Debug|x64
		{32FF04A2-AC57-4032-8514-3A159D02D0BF}.Debug|x64.Build.0 = Debug|x64
		{32FF04A2-AC57-4032-8514-3A159D02D0BF}.Debug|x86.ActiveCfg = Debug|Win32
		{32FF04A2-AC57-4032-8514-3A159D02D0BF}.Debug|x86.Build.0 = Debug|Win32
		{32FF04A2-AC57-4032-8514-3A159D02D0BF}.Release|x64.ActiveCfg = Release|x64
		{32FF04A2-AC57-4032-8514-3A159D02D0BF}.Release|x64.Build.0 = Release|x64
		{32FF04A2-AC57-4032-8514-3A159D02D0BF}.Release|x86.ActiveCfg = Release|Win32
		{32FF04A2-AC57-4032-8514-3A159D02D0BF}.Release|x86.Build.0 = Release|Win32
		{424678AD-520F-4010-93A0-B349784E300E}.Debug|x64.ActiveCfg = Debug|x64
		{424678AD-520F-4010-93A0-B349784E300E}.Debug|x64.Build.0 = Debug|x64
		{424678AD-520F-4010-93A0-B349784E300E}.Debug|x86.ActiveCfg = Debug|Win32
		{424678AD-520F-4010-93A0-B349784E300E}.Debug|x86.Build.0 = Debug|Win32
		{424678AD-520F-4010-93A0-B349784E300E}.Release|x64.ActiveCfg = Release|x64
		{424678AD-520F-4010-93A0-B349784E300E}.Release|x64.Build.0 = Release|x64
		{424678AD-520F-4010-93A0-B349784E300E}.Release|x86.ActiveCfg = Release|Win32
		{424678AD-520F-4010-93A0-B349784E300E}.Release|x86.Build.0 = Release|Win32
		{46518C76-BE9C-495D-8260-966C573DBC1D}.Debug|x64.ActiveCfg = Debug|x64
		{46518C76-BE9C-495D-8260-966C573DBC1D}.Debug|x64.Build.0 = Debug|x64
		{46518C76-BE9C-495D-8260-966C573DBC1D}.Debug|x86.ActiveCfg = Debug|Win32
		{46518C76-BE9C-495D-8260-966C573DBC1D}.Debug|x86.Build.0 = Debug|Win32
		{46518C76-BE9C-495D-8260-966C573DBC1D}.Release|x64.ActiveCfg = Release|x64
		{46518C76-BE9C-495D-8260-966C573DBC1D}.Release|x64.Build.0 = Release|x64
		{46518C76-BE9C-495D-8260-966C573DBC1D}.Release|x86.ActiveCfg = Release|Win32
		{46518C76-BE9C-495D-8260-966C573DBC1D}.Release|x86.Build.0 = Release|Win32
		{AEF5E266-4E06-47E2-AA74-37B444C60B79}.Debug|x64.ActiveCfg = Debug|x64
		{AEF5E266-4E06-47E2-AA74-37B444C60B79}.Debug|x64.Build.0 = Debug|x64
		{AEF5E266-4E06-47E2-AA74-37B444C60B79}.Debug|x86.ActiveCfg = Debug|Win32
		{AEF5E266-4E06-47E2-AA74-37B444C60B79}.Debug|x86.Build.0 = Debug|Win32
		{AEF5E266-4E06-47E2-AA74-37B444C60B79}.Release|x64.ActiveCfg = Release|x64
		{AEF5E266-4E06-47E2-AA74-37B444C60B79}.Release|x64.Build.0 = Release|x64
		{AEF5E266-4E06-47E2-AA74-37B444C60B79}.Release|x86.ActiveCfg = Release|Win32
		{AEF5E266-4E06-47E2-AA74-37B444C60B79}.Release|x86.Build.0 = Release|Win32
		{755A0204-1102-484E-A5F9-4EC1FF8EF9ED}.Debug|x64.ActiveCfg = Debug|x64
		{755A0204-1102-484E-A5F9-4EC1FF8EF9ED}.Debug|x64.Build.0 = Debug|x64
		{755A0204-1102-484E-A5F9-4EC1FF8EF9ED}.Debug|x86.ActiveCfg = Debug|Win32
		{755A0204-1102-484E-A5F9-4EC1FF8EF9ED}.Debug|x86.Build.0 = Debug|Win32
		{755A0204-1102-484E-A5F9-4EC1FF8EF9ED}.Release|x64.ActiveCfg = Release|x64
		{755A0204-1102-484E-A5F9-4EC1FF8EF9ED}.Release|x64.Build.0 = Release|x64
		{755A0204-1102-484E-A5F9-4EC1FF8EF9ED}.Release|x86.ActiveCfg = Release|Win32
		{755A0204-1102-484E-A5F9-4EC1FF8EF9ED}.Release|x86.Build.0 = Release|Win32
		{ADDE2552-444C-4C23-B5BD-ED1153174F77}.Debug|x64.ActiveCfg = Debug|x64
		{ADDE2552-444C-4C23-B5BD-ED1153174F77}.Debug|x64.Build.0 = Debug|x64
		{ADDE2552-444C-4C23-B5BD-ED1153174F77}.Debug|x86.ActiveCfg = Debug|Win32
		{ADDE2552-444C-4C23-B5BD-ED1153174F77}.Debug|x86.Build.0 = Debug|Win32
		{ADDE2552-444C-4C23-B5BD-ED1153174F77}.Release|x64.ActiveCfg = Release|x64
		{ADDE2552-444C-4C23-B5BD-ED1153174F77}.Release|x64.Build.0 = Release|x64
		{ADDE2552-444C-4C23-B5BD-ED1153174F77}.Release|x86.ActiveCfg = Release|Win32
		{ADDE2552-444C-4C23-B5BD-ED1153174F77}.Release|x86.Build.0 = Release|Win32
		{A2D992F1-43F7-4BA7-94DD-B2E2B857C643}.Debug|x64.ActiveCfg = Debug|x64
		{A2D992F1-43F7-4BA7-94DD-B2E2B857C643}.Debug|x64.Build.0 = Debug|x64
		{A2D992F1-43F7-4BA7-94DD-B2E2B857C643}.Debug|x86.ActiveCfg = Debug|Win32
		{A2D992F1-43F7-4BA7-94DD-B2E2B857C643}.Debug|x86.Build.0 = Debug|Win32
		{A2D992F1-43F7-4BA7-94DD-B2E2B857C643}.Release|x64.ActiveCfg = Release|x64
		{A2D992F1-43F7-4BA7-94DD-B2E2B857C643}.Release|x64.Build.0 = Release|x64
		{A2D992F1-43F7-4BA7-94DD-B2E2B857C643}.Release|x86.ActiveCfg = Release|Win32
		{A2D992F1-43F7-4BA7-94DD-B2E2B857C643}.Release|x86.Build.0 = Release|Win32
		{791F43C7-6B1D-41F6-B1F2-78E86CD94760}.Debug|x64.ActiveCfg = Debug|x64
		{791F43C7-6B1D-41F6-B1F2-78E86CD94760}.Debug|x64.Build.0 = Debug|x64
		{791F43C7-6B1D-41F6-B1F2-78E86CD94760}.Debug|x86.ActiveCfg = Debug|Win32
		{791F43C7-6B1D-41F6-B1F2-78E86CD94760}.Debug|x86.Build.0 = Debug|Win32
		{791F43C7-6B1D-41F6-B1F2-78E86CD94760}.Release|x64.ActiveCfg = Release|x64
		{791F43C7-6B1D-41F6-B1F2-78E86CD94760}.Release|x64.Build.0 = Release|x64
		{791F43C7-6B1D-41F6-B1F2-78E86CD94760}.Release|x86.ActiveCfg = Release|Win32
		{791F43C7-6B1D-41F6-B1F2-78E86CD94760}.Release|x86.Build.0 = Release|Win32
		{A3E7F112-BFB4-47EE-9B3D-775CC2DA757F}.Debug|x64.ActiveCfg = Debug|x64
		{A3E7F112-BFB4-47EE-9B3D-775CC2DA757F}.Debug|x64.Build.0 = Debug|x64
		{A3E7F112-BFB4-47EE-9B3D-775CC2DA757F}.Debug|x86.ActiveCfg = Debug|Win32
		{A3E7F112-BFB4-47EE-9B3D-775CC2DA757F}.Debug|x86.Build.0 = Debug|Win32
		{A3E7F112-BFB4-47EE-9B3D-775CC2DA757F}.Release|x64.ActiveCfg = Release|x64
		{A3E7F112-BFB4-47EE-9B3D-775CC2DA757F}.Release|x64.Build.0 = Release|x64
		{A3E7F112-BFB4-47EE-9B3D-775CC2DA757F}.Release|x86.ActiveCfg = Release|Win32
		{A3E7F112-BFB4-47EE-9B3D-775CC2DA757F}.Release|x86.Build.0 = Release|Win32
	EndGlobalSection
	GlobalSection(SolutionProperties) = preSolution
		HideSolutionNode = FALSE
	EndGlobalSection
	GlobalSection(ExtensibilityGlobals) = postSolution
		SolutionGuid = {6CA4879A-1C3B-4654-9A5E-27E3B0A2B3CD}
	EndGlobalSection
EndGlobal
